<?xml version="1.0" encoding="utf-8"?>
<Project ToolsVersion="4.0" xmlns="http://schemas.microsoft.com/developer/msbuild/2003">
  <ItemGroup>
    <Filter Include="Header Files">
      <UniqueIdentifier>{93995380-89BD-4b04-88EB-625FBE52EBFB}</UniqueIdentifier>
      <Extensions>h;hh;hpp;hxx;hm;inl;inc;ipp;xsd</Extensions>
    </Filter>
    <Filter Include="Framework">
      <UniqueIdentifier>{f2badd73-2c61-4d1a-996c-51af9b66bfe4}</UniqueIdentifier>
    </Filter>
    <Filter Include="Source">
      <UniqueIdentifier>{c394c41b-8463-4c5c-afa1-2536bab14ccc}</UniqueIdentifier>
    </Filter>
  </ItemGroup>
  <ItemGroup>
    <ClCompile Include="src\Armour.cpp">
      <Filter>Source</Filter>
    </ClCompile>
    <ClCompile Include="src\Background.cpp">
      <Filter>Source</Filter>
    </ClCompile>
    <ClCompile Include="src\BackgroundMap.cpp">
      <Filter>Source</Filter>
    </ClCompile>
    <ClCompile Include="src\Button.cpp">
      <Filter>Source</Filter>
    </ClCompile>
    <ClCompile Include="src\Character.cpp">
      <Filter>Source</Filter>
    </ClCompile>
    <ClCompile Include="src\CharacterManager.cpp">
      <Filter>Source</Filter>
    </ClCompile>
    <ClCompile Include="src\Chest.cpp">
      <Filter>Source</Filter>
    </ClCompile>
    <ClCompile Include="src\ChestManager.cpp">
      <Filter>Source</Filter>
    </ClCompile>
    <ClCompile Include="src\ConfigLoader.cpp">
      <Filter>Source</Filter>
    </ClCompile>
    <ClCompile Include="src\CreditsMenu.cpp">
      <Filter>Source</Filter>
    </ClCompile>
    <ClCompile Include="src\Cursor.cpp">
      <Filter>Source</Filter>
    </ClCompile>
    <ClCompile Include="src\DeathMenu.cpp">
      <Filter>Source</Filter>
    </ClCompile>
    <ClCompile Include="src\DragController.cpp">
      <Filter>Source</Filter>
    </ClCompile>
    <ClCompile Include="src\DungeonDiverTileMap.cpp">
      <Filter>Source</Filter>
    </ClCompile>
    <ClCompile Include="src\DungeonExit.cpp">
      <Filter>Source</Filter>
    </ClCompile>
    <ClCompile Include="src\Enemy.cpp">
      <Filter>Source</Filter>
    </ClCompile>
    <ClCompile Include="src\ExtendedCollision.cpp">
      <Filter>Source</Filter>
    </ClCompile>
    <ClCompile Include="src\GameLevel.cpp">
      <Filter>Source</Filter>
    </ClCompile>
    <ClCompile Include="src\Gladiator.cpp">
      <Filter>Source</Filter>
    </ClCompile>
    <ClCompile Include="src\HealthUI.cpp">
      <Filter>Source</Filter>
    </ClCompile>
    <ClCompile Include="src\Imp.cpp">
      <Filter>Source</Filter>
    </ClCompile>
    <ClCompile Include="src\Inventory.cpp">
      <Filter>Source</Filter>
    </ClCompile>
    <ClCompile Include="src\InventoryManager.cpp">
      <Filter>Source</Filter>
    </ClCompile>
    <ClCompile Include="src\Item.cpp">
      <Filter>Source</Filter>
    </ClCompile>
    <ClCompile Include="src\ItemToolTip.cpp">
      <Filter>Source</Filter>
    </ClCompile>
    <ClCompile Include="src\Level.cpp">
      <Filter>Source</Filter>
    </ClCompile>
    <ClCompile Include="src\LevelLoaderButton.cpp">
      <Filter>Source</Filter>
    </ClCompile>
    <ClCompile Include="src\Main.cpp">
      <Filter>Source</Filter>
    </ClCompile>
    <ClCompile Include="src\MainMenu.cpp">
      <Filter>Source</Filter>
    </ClCompile>
    <ClCompile Include="src\Minotaur.cpp">
      <Filter>Source</Filter>
    </ClCompile>
    <ClCompile Include="src\Network\NetworkingManager.cpp">
      <Filter>Source</Filter>
    </ClCompile>
    <ClCompile Include="src\NetworkObject.cpp">
      <Filter>Source</Filter>
    </ClCompile>
    <ClCompile Include="src\OptionsMenu.cpp">
      <Filter>Source</Filter>
    </ClCompile>
    <ClCompile Include="src\Player.cpp">
      <Filter>Source</Filter>
    </ClCompile>
    <ClCompile Include="src\Potion.cpp">
      <Filter>Source</Filter>
    </ClCompile>
    <ClCompile Include="src\Slot.cpp">
      <Filter>Source</Filter>
    </ClCompile>
    <ClCompile Include="src\Weapon.cpp">
      <Filter>Source</Filter>
    </ClCompile>
    <ClCompile Include="src\WinMenu.cpp">
      <Filter>Source</Filter>
    </ClCompile>
    <ClCompile Include="src\Framework\Animation.cpp">
      <Filter>Framework</Filter>
    </ClCompile>
    <ClCompile Include="src\Framework\AudioManager.cpp">
      <Filter>Framework</Filter>
    </ClCompile>
    <ClCompile Include="src\Framework\BaseLevel.cpp">
      <Filter>Framework</Filter>
    </ClCompile>
    <ClCompile Include="src\Framework\Collision.cpp">
      <Filter>Framework</Filter>
    </ClCompile>
    <ClCompile Include="src\Framework\GameObject.cpp">
      <Filter>Framework</Filter>
    </ClCompile>
    <ClCompile Include="src\Framework\GameState.cpp">
      <Filter>Framework</Filter>
    </ClCompile>
    <ClCompile Include="src\Framework\Input.cpp">
      <Filter>Framework</Filter>
    </ClCompile>
    <ClCompile Include="src\Framework\MusicObject.cpp">
      <Filter>Framework</Filter>
    </ClCompile>
    <ClCompile Include="src\Framework\SoundObject.cpp">
      <Filter>Framework</Filter>
    </ClCompile>
    <ClCompile Include="src\Framework\TileMap.cpp">
      <Filter>Framework</Filter>
    </ClCompile>
    <ClCompile Include="src\Framework\VectorHelper.cpp">
      <Filter>Framework</Filter>
    </ClCompile>
    <ClCompile Include="src\Network\MSocket.cpp" />
    <ClCompile Include="src\Network\MListener.cpp" />
    <ClCompile Include="src\NetworkButton.cpp" />
  </ItemGroup>
  <ItemGroup>
    <ClInclude Include="src\Armour.h">
      <Filter>Header Files</Filter>
    </ClInclude>
    <ClInclude Include="src\Background.h">
      <Filter>Header Files</Filter>
    </ClInclude>
    <ClInclude Include="src\BackgroundMap.h">
      <Filter>Header Files</Filter>
    </ClInclude>
    <ClInclude Include="src\Button.h">
      <Filter>Header Files</Filter>
    </ClInclude>
    <ClInclude Include="src\Character.h">
      <Filter>Header Files</Filter>
    </ClInclude>
    <ClInclude Include="src\CharacterManager.h">
      <Filter>Header Files</Filter>
    </ClInclude>
    <ClInclude Include="src\Chest.h">
      <Filter>Header Files</Filter>
    </ClInclude>
    <ClInclude Include="src\ChestManager.h">
      <Filter>Header Files</Filter>
    </ClInclude>
    <ClInclude Include="src\ConfigLoader.h">
      <Filter>Header Files</Filter>
    </ClInclude>
    <ClInclude Include="src\CreditsMenu.h">
      <Filter>Header Files</Filter>
    </ClInclude>
    <ClInclude Include="src\Cursor.h">
      <Filter>Header Files</Filter>
    </ClInclude>
    <ClInclude Include="src\DeathMenu.h">
      <Filter>Header Files</Filter>
    </ClInclude>
    <ClInclude Include="src\DragController.h">
      <Filter>Header Files</Filter>
    </ClInclude>
    <ClInclude Include="src\DungeonDiverTileMap.h">
      <Filter>Header Files</Filter>
    </ClInclude>
    <ClInclude Include="src\DungeonExit.h">
      <Filter>Header Files</Filter>
    </ClInclude>
    <ClInclude Include="src\Enemy.h">
      <Filter>Header Files</Filter>
    </ClInclude>
    <ClInclude Include="src\ExtendedCollision.h">
      <Filter>Header Files</Filter>
    </ClInclude>
    <ClInclude Include="src\GameLevel.h">
      <Filter>Header Files</Filter>
    </ClInclude>
    <ClInclude Include="src\Gladiator.h">
      <Filter>Header Files</Filter>
    </ClInclude>
    <ClInclude Include="src\HealthUI.h">
      <Filter>Header Files</Filter>
    </ClInclude>
    <ClInclude Include="src\Imp.h">
      <Filter>Header Files</Filter>
    </ClInclude>
    <ClInclude Include="src\Inventory.h">
      <Filter>Header Files</Filter>
    </ClInclude>
    <ClInclude Include="src\InventoryManager.h">
      <Filter>Header Files</Filter>
    </ClInclude>
    <ClInclude Include="src\Item.h">
      <Filter>Header Files</Filter>
    </ClInclude>
    <ClInclude Include="src\ItemToolTip.h">
      <Filter>Header Files</Filter>
    </ClInclude>
    <ClInclude Include="src\Level.h">
      <Filter>Header Files</Filter>
    </ClInclude>
    <ClInclude Include="src\LevelLoaderButton.h">
      <Filter>Header Files</Filter>
    </ClInclude>
    <ClInclude Include="src\MainMenu.h">
      <Filter>Header Files</Filter>
    </ClInclude>
    <ClInclude Include="src\Minotaur.h">
      <Filter>Header Files</Filter>
    </ClInclude>
    <ClInclude Include="src\Network\NetworkingManager.h">
      <Filter>Header Files</Filter>
    </ClInclude>
    <ClInclude Include="src\NetworkObject.h">
      <Filter>Header Files</Filter>
    </ClInclude>
    <ClInclude Include="src\OptionsMenu.h">
      <Filter>Header Files</Filter>
    </ClInclude>
    <ClInclude Include="src\Player.h">
      <Filter>Header Files</Filter>
    </ClInclude>
    <ClInclude Include="src\Potion.h">
      <Filter>Header Files</Filter>
    </ClInclude>
    <ClInclude Include="src\Slot.h">
      <Filter>Header Files</Filter>
    </ClInclude>
    <ClInclude Include="src\Weapon.h">
      <Filter>Header Files</Filter>
    </ClInclude>
    <ClInclude Include="src\WinMenu.h">
      <Filter>Header Files</Filter>
    </ClInclude>
    <ClInclude Include="src\Framework\Animation.h">
      <Filter>Framework</Filter>
    </ClInclude>
    <ClInclude Include="src\Framework\AudioManager.h">
      <Filter>Framework</Filter>
    </ClInclude>
    <ClInclude Include="src\Framework\BaseLevel.h">
      <Filter>Framework</Filter>
    </ClInclude>
    <ClInclude Include="src\Framework\Collision.h">
      <Filter>Framework</Filter>
    </ClInclude>
    <ClInclude Include="src\Framework\GameObject.h">
      <Filter>Framework</Filter>
    </ClInclude>
    <ClInclude Include="src\Framework\GameState.h">
      <Filter>Framework</Filter>
    </ClInclude>
    <ClInclude Include="src\Framework\Input.h">
      <Filter>Framework</Filter>
    </ClInclude>
    <ClInclude Include="src\Framework\MusicObject.h">
      <Filter>Framework</Filter>
    </ClInclude>
    <ClInclude Include="src\Framework\SoundObject.h">
      <Filter>Framework</Filter>
    </ClInclude>
    <ClInclude Include="src\Framework\TileMap.h">
      <Filter>Framework</Filter>
    </ClInclude>
    <ClInclude Include="src\Framework\VectorHelper.h">
      <Filter>Framework</Filter>
    </ClInclude>
    <ClInclude Include="src\Network\MSocket.h">
      <Filter>Header Files</Filter>
    </ClInclude>
    <ClInclude Include="src\Network\MListener.h">
      <Filter>Header Files</Filter>
    </ClInclude>
    <ClInclude Include="src\NetworkButton.h">
      <Filter>Header Files</Filter>
    </ClInclude>
  </ItemGroup>
  <ItemGroup>
    <None Include="src\CMP105App.vcxproj">
      <Filter>Source</Filter>
    </None>
    <None Include="src\CMP105App.vcxproj.filters">
      <Filter>Source</Filter>
    </None>
    <None Include="src\CMP105App.vcxproj.user">
      <Filter>Source</Filter>
    </None>
  </ItemGroup>
</Project>